
Microsoft Visual Studio Solution File, Format Version 12.00
# Visual Studio 15
Project("{FAE04EC0-301F-11D3-BF4B-00C04F79EFBC}") = "API-udemy", "API-udemy\API-udemy.csproj", "{C64F15C6-21B9-42AF-8233-51C404DE4821}"
EndProject
Global
	GlobalSection(SolutionConfigurationPlatforms) = preSolution
		Debug|Any CPU = Debug|Any CPU
		Release|Any CPU = Release|Any CPU
	EndGlobalSection
	GlobalSection(ProjectConfigurationPlatforms) = postSolution
		{C64F15C6-21B9-42AF-8233-51C404DE4821}.Debug|Any CPU.ActiveCfg = Debug|Any CPU
		{C64F15C6-21B9-42AF-8233-51C404DE4821}.Debug|Any CPU.Build.0 = Debug|Any CPU
		{C64F15C6-21B9-42AF-8233-51C404DE4821}.Release|Any CPU.ActiveCfg = Release|Any CPU
		{C64F15C6-21B9-42AF-8233-51C404DE4821}.Release|Any CPU.Build.0 = Release|Any CPU
	EndGlobalSection
EndGlobal
